// !$*UTF8*$!
{
	archiveVersion = 1;
	classes = {
	};
	objectVersion = 46;
	objects = {

/* Begin PBXBuildFile section */
		64334ED51ED0BF3D006EF76E /* AppDelegate.swift in Sources */ = {isa = PBXBuildFile; fileRef = 64334ED41ED0BF3D006EF76E /* AppDelegate.swift */; };
		64334ED71ED0BF3D006EF76E /* ViewController.swift in Sources */ = {isa = PBXBuildFile; fileRef = 64334ED61ED0BF3D006EF76E /* ViewController.swift */; };
		64334EDA1ED0BF3D006EF76E /* Main.storyboard in Resources */ = {isa = PBXBuildFile; fileRef = 64334ED81ED0BF3D006EF76E /* Main.storyboard */; };
		64334EDC1ED0BF3D006EF76E /* Assets.xcassets in Resources */ = {isa = PBXBuildFile; fileRef = 64334EDB1ED0BF3D006EF76E /* Assets.xcassets */; };
		64334EDF1ED0BF3D006EF76E /* LaunchScreen.storyboard in Resources */ = {isa = PBXBuildFile; fileRef = 64334EDD1ED0BF3D006EF76E /* LaunchScreen.storyboard */; };
		64334EE71ED1AC75006EF76E /* DefinitionViewController.swift in Sources */ = {isa = PBXBuildFile; fileRef = 64334EE61ED1AC75006EF76E /* DefinitionViewController.swift */; };
/* End PBXBuildFile section */

/* Begin PBXFileReference section */
		64334ED11ED0BF3D006EF76E /* EmojiDictionary.app */ = {isa = PBXFileReference; explicitFileType = wrapper.application; includeInIndex = 0; path = EmojiDictionary.app; sourceTree = BUILT_PRODUCTS_DIR; };
		64334ED41ED0BF3D006EF76E /* AppDelegate.swift */ = {isa = PBXFileReference; lastKnownFileType = sourcecode.swift; path = AppDelegate.swift; sourceTree = "<group>"; };
		64334ED61ED0BF3D006EF76E /* ViewController.swift */ = {isa = PBXFileReference; lastKnownFileType = sourcecode.swift; path = ViewController.swift; sourceTree = "<group>"; };
		64334ED91ED0BF3D006EF76E /* Base */ = {isa = PBXFileReference; lastKnownFileType = file.storyboard; name = Base; path = Base.lproj/Main.storyboard; sourceTree = "<group>"; };
		64334EDB1ED0BF3D006EF76E /* Assets.xcassets */ = {isa = PBXFileReference; lastKnownFileType = folder.assetcatalog; path = Assets.xcassets; sourceTree = "<group>"; };
		64334EDE1ED0BF3D006EF76E /* Base */ = {isa = PBXFileReference; lastKnownFileType = file.storyboard; name = Base; path = Base.lproj/LaunchScreen.storyboard; sourceTree = "<group>"; };
		64334EE01ED0BF3D006EF76E /* Info.plist */ = {isa = PBXFileReference; lastKnownFileType = text.plist.xml; path = Info.plist; sourceTree = "<group>"; };
		64334EE61ED1AC75006EF76E /* DefinitionViewController.swift */ = {isa = PBXFileReference; fileEncoding = 4; lastKnownFileType = sourcecode.swift; path = DefinitionViewController.swift; sourceTree = "<group>"; };
/* End PBXFileReference section */

/* Begin PBXFrameworksBuildPhase section */
		64334ECE1ED0BF3D006EF76E /* Frameworks */ = {
			isa = PBXFrameworksBuildPhase;
			buildActionMask = 2147483647;
			files = (
			);
			runOnlyForDeploymentPostprocessing = 0;
		};
/* End PBXFrameworksBuildPhase section */

/* Begin PBXGroup section */
		64334EC81ED0BF3D006EF76E = {
			isa = PBXGroup;
			children = (
				64334ED31ED0BF3D006EF76E /* EmojiDictionary */,
				64334ED21ED0BF3D006EF76E /* Products */,
			);
			sourceTree = "<group>";
		};
		64334ED21ED0BF3D006EF76E /* Products */ = {
			isa = PBXGroup;
			children = (
				64334ED11ED0BF3D006EF76E /* EmojiDictionary.app */,
			);
			name = Products;
			sourceTree = "<group>";
		};
		64334ED31ED0BF3D006EF76E /* EmojiDictionary */ = {
			isa = PBXGroup;
			children = (
				64334ED41ED0BF3D006EF76E /* AppDelegate.swift */,
				64334ED61ED0BF3D006EF76E /* ViewController.swift */,
				64334EE61ED1AC75006EF76E /* DefinitionViewController.swift */,
				64334ED81ED0BF3D006EF76E /* Main.storyboard */,
				64334EDB1ED0BF3D006EF76E /* Assets.xcassets */,
				64334EDD1ED0BF3D006EF76E /* LaunchScreen.storyboard */,
				64334EE01ED0BF3D006EF76E /* Info.plist */,
			);
			path = EmojiDictionary;
			sourceTree = "<group>";
		};
/* End PBXGroup section */

/* Begin PBXNativeTarget section */
		64334ED01ED0BF3D006EF76E /* EmojiDictionary */ = {
			isa = PBXNativeTarget;
			buildConfigurationList = 64334EE31ED0BF3D006EF76E /* Build configuration list for PBXNativeTarget "EmojiDictionary" */;
			buildPhases = (
				64334ECD1ED0BF3D006EF76E /* Sources */,
				64334ECE1ED0BF3D006EF76E /* Frameworks */,
				64334ECF1ED0BF3D006EF76E /* Resources */,
			);
			buildRules = (
			);
			dependencies = (
			);
			name = EmojiDictionary;
			productName = EmojiDictionary;
			productReference = 64334ED11ED0BF3D006EF76E /* EmojiDictionary.app */;
			productType = "com.apple.product-type.application";
		};
/* End PBXNativeTarget section */

/* Begin PBXProject section */
		64334EC91ED0BF3D006EF76E /* Project object */ = {
			isa = PBXProject;
			attributes = {
				LastSwiftUpdateCheck = 0830;
				LastUpgradeCheck = 0830;
				ORGANIZATIONNAME = "Shunryui Nik";
				TargetAttributes = {
					64334ED01ED0BF3D006EF76E = {
						CreatedOnToolsVersion = 8.3.2;
						ProvisioningStyle = Automatic;
					};
				};
			};
			buildConfigurationList = 64334ECC1ED0BF3D006EF76E /* Build configuration list for PBXProject "EmojiDictionary" */;
			compatibilityVersion = "Xcode 3.2";
			developmentRegion = English;
			hasScannedForEncodings = 0;
			knownRegions = (
				en,
				Base,
			);
			mainGroup = 64334EC81ED0BF3D006EF76E;
			productRefGroup = 64334ED21ED0BF3D006EF76E /* Products */;
			projectDirPath = "";
			projectRoot = "";
			targets = (
				64334ED01ED0BF3D006EF76E /* EmojiDictionary */,
			);
		};
/* End PBXProject section */

/* Begin PBXResourcesBuildPhase section */
		64334ECF1ED0BF3D006EF76E /* Resources */ = {
			isa = PBXResourcesBuildPhase;
			buildActionMask = 2147483647;
			files = (
				64334EDF1ED0BF3D006EF76E /* LaunchScreen.storyboard in Resources */,
				64334EDC1ED0BF3D006EF76E /* Assets.xcassets in Resources */,
				64334EDA1ED0BF3D006EF76E /* Main.storyboard in Resources */,
			);
			runOnlyForDeploymentPostprocessing = 0;
		};
/* End PBXResourcesBuildPhase section */

/* Begin PBXSourcesBuildPhase section */
		64334ECD1ED0BF3D006EF76E /* Sources */ = {
			isa = PBXSourcesBuildPhase;
			buildActionMask = 2147483647;
			files = (
				64334ED71ED0BF3D006EF76E /* ViewController.swift in Sources */,
				64334EE71ED1AC75006EF76E /* DefinitionViewController.swift in Sources */,
				64334ED51ED0BF3D006EF76E /* AppDelegate.swift in Sources */,
			);
			runOnlyForDeploymentPostprocessing = 0;
		};
/* End PBXSourcesBuildPhase section */

/* Begin PBXVariantGroup section */
		64334ED81ED0BF3D006EF76E /* Main.storyboard */ = {
			isa = PBXVariantGroup;
			children = (
				64334ED91ED0BF3D006EF76E /* Base */,
			);
			name = Main.storyboard;
			sourceTree = "<group>";
		};
		64334EDD1ED0BF3D006EF76E /* LaunchScreen.storyboard */ = {
			isa = PBXVariantGroup;
			children = (
				64334EDE1ED0BF3D006EF76E /* Base */,
			);
			name = LaunchScreen.storyboard;
			sourceTree = "<group>";
		};
/* End PBXVariantGroup section */

/* Begin XCBuildConfiguration section */
		64334EE11ED0BF3D006EF76E /* Debug */ = {
			isa = XCBuildConfiguration;
			buildSettings = {
				ALWAYS_SEARCH_USER_PATHS = NO;
				CLANG_ANALYZER_NONNULL = YES;
				CLANG_ANALYZER_NUMBER_OBJECT_CONVERSION = YES_AGGRESSIVE;
				CLANG_CXX_LANGUAGE_STANDARD = "gnu++0x";
				CLANG_CXX_LIBRARY = "libc++";
				CLANG_ENABLE_MODULES = YES;
				CLANG_ENABLE_OBJC_ARC = YES;
				CLANG_WARN_BOOL_CONVERSION = YES;
				CLANG_WARN_CONSTANT_CONVERSION = YES;
				CLANG_WARN_DIRECT_OBJC_ISA_USAGE = YES_ERROR;
				CLANG_WARN_DOCUMENTATION_COMMENTS = YES;
				CLANG_WARN_EMPTY_BODY = YES;
				CLANG_WARN_ENUM_CONVERSION = YES;
				CLANG_WARN_INFINITE_RECURSION = YES;
				CLANG_WARN_INT_CONVERSION = YES;
				CLANG_WARN_OBJC_ROOT_CLASS = YES_ERROR;
				CLANG_WARN_SUSPICIOUS_MOVE = YES;
				CLANG_WARN_UNREACHABLE_CODE = YES;
				CLANG_WARN__DUPLICATE_METHOD_MATCH = YES;
				"CODE_SIGN_IDENTITY[sdk=iphoneos*]" = "iPhone Developer";
				COPY_PHASE_STRIP = NO;
				DEBUG_INFORMATION_FORMAT = dwarf;
				ENABLE_STRICT_OBJC_MSGSEND = YES;
				ENABLE_TESTABILITY = YES;
				GCC_C_LANGUAGE_STANDARD = gnu99;
				GCC_DYNAMIC_NO_PIC = NO;
				GCC_NO_COMMON_BLOCKS = YES;
				GCC_OPTIMIZATION_LEVEL = 0;
				GCC_PREPROCESSOR_DEFINITIONS = (
					"DEBUG=1",
					"$(inherited)",
				);
				GCC_WARN_64_TO_32_BIT_CONVERSION = YES;
				GCC_WARN_ABOUT_RETURN_TYPE = YES_ERROR;
				GCC_WARN_UNDECLARED_SELECTOR = YES;
				GCC_WARN_UNINITIALIZED_AUTOS = YES_AGGRESSIVE;
				GCC_WARN_UNUSED_FUNCTION = YES;
				GCC_WARN_UNUSED_VARIABLE = YES;
				IPHONEOS_DEPLOYMENT_TARGET = 10.3;
				MTL_ENABLE_DEBUG_INFO = YES;
				ONLY_ACTIVE_ARCH = YES;
				SDKROOT = iphoneos;
				SWIFT_ACTIVE_COMPILATION_CONDITIONS = DEBUG;
				SWIFT_OPTIMIZATION_LEVEL = "-Onone";
				TARGETED_DEVICE_FAMILY = "1,2";
			};
			name = Debug;
		};
		64334EE21ED0BF3D006EF76E /* Release */ = {
			isa = XCBuildConfiguration;
			buildSettings = {
				ALWAYS_SEARCH_USER_PATHS = NO;
				CLANG_ANALYZER_NONNULL = YES;
				CLANG_ANALYZER_NUMBER_OBJECT_CONVERSION = YES_AGGRESSIVE;
				CLANG_CXX_LANGUAGE_STANDARD = "gnu++0x";
				CLANG_CXX_LIBRARY = "libc++";
				CLANG_ENABLE_MODULES = YES;
				CLANG_ENABLE_OBJC_ARC = YES;
				CLANG_WARN_BOOL_CONVERSION = YES;
				CLANG_WARN_CONSTANT_CONVERSION = YES;
				CLANG_WARN_DIRECT_OBJC_ISA_USAGE = YES_ERROR;
				CLANG_WARN_DOCUMENTATION_COMMENTS = YES;
				CLANG_WARN_EMPTY_BODY = YES;
				CLANG_WARN_ENUM_CONVERSION = YES;
				CLANG_WARN_INFINITE_RECURSION = YES;
				CLANG_WARN_INT_CONVERSION = YES;
				CLANG_WARN_OBJC_ROOT_CLASS = YES_ERROR;
				CLANG_WARN_SUSPICIOUS_MOVE = YES;
				CLANG_WARN_UNREACHABLE_CODE = YES;
				CLANG_WARN__DUPLICATE_METHOD_MATCH = YES;
				"CODE_SIGN_IDENTITY[sdk=iphoneos*]" = "iPhone Developer";
				COPY_PHASE_STRIP = NO;
				DEBUG_INFORMATION_FORMAT = "dwarf-with-dsym";
				ENABLE_NS_ASSERTIONS = NO;
				ENABLE_STRICT_OBJC_MSGSEND = YES;
				GCC_C_LANGUAGE_STANDARD = gnu99;
				GCC_NO_COMMON_BLOCKS = YES;
				GCC_WARN_64_TO_32_BIT_CONVERSION = YES;
				GCC_WARN_ABOUT_RETURN_TYPE = YES_ERROR;
				GCC_WARN_UNDECLARED_SELECTOR = YES;
				GCC_WARN_UNINITIALIZED_AUTOS = YES_AGGRESSIVE;
				GCC_WARN_UNUSED_FUNCTION = YES;
				GCC_WARN_UNUSED_VARIABLE = YES;
				IPHONEOS_DEPLOYMENT_TARGET = 10.3;
				MTL_ENABLE_DEBUG_INFO = NO;
				SDKROOT = iphoneos;
				SWIFT_OPTIMIZATION_LEVEL = "-Owholemodule";
				TARGETED_DEVICE_FAMILY = "1,2";
				VALIDATE_PRODUCT = YES;
			};
			name = Release;
		};
		64334EE41ED0BF3D006EF76E /* Debug */ = {
			isa = XCBuildConfiguration;
			buildSettings = {
				ASSETCATALOG_COMPILER_APPICON_NAME = AppIcon;
				INFOPLIST_FILE = EmojiDictionary/Info.plist;
				LD_RUNPATH_SEARCH_PATHS = "$(inherited) @executable_path/Frameworks";
				PRODUCT_BUNDLE_IDENTIFIER = shunryuinik.great.EmojiDictionary;
				PRODUCT_NAME = "$(TARGET_NAME)";
				SWIFT_VERSION = 3.0;
			};
			name = Debug;
		};
		64334EE51ED0BF3D006EF76E /* Release */ = {
			isa = XCBuildConfiguration;
			buildSettings = {
				ASSETCATALOG_COMPILER_APPICON_NAME = AppIcon;
				INFOPLIST_FILE = EmojiDictionary/Info.plist;
				LD_RUNPATH_SEARCH_PATHS = "$(inherited) @executable_path/Frameworks";
				PRODUCT_BUNDLE_IDENTIFIER = shunryuinik.great.EmojiDictionary;
				PRODUCT_NAME = "$(TARGET_NAME)";
				SWIFT_VERSION = 3.0;
			};
			name = Release;
		};
/* End XCBuildConfiguration section */

/* Begin XCConfigurationList section */
		64334ECC1ED0BF3D006EF76E /* Build configuration list for PBXProject "EmojiDictionary" */ = {
			isa = XCConfigurationList;
			buildConfigurations = (
				64334EE11ED0BF3D006EF76E /* Debug */,
				64334EE21ED0BF3D006EF76E /* Release */,
			);
			defaultConfigurationIsVisible = 0;
			defaultConfigurationName = Release;
		};
		64334EE31ED0BF3D006EF76E /* Build configuration list for PBXNativeTarget "EmojiDictionary" */ = {
			isa = XCConfigurationList;
			buildConfigurations = (
				64334EE41ED0BF3D006EF76E /* Debug */,
				64334EE51ED0BF3D006EF76E /* Release */,
			);
			defaultConfigurationIsVisible = 0;
		};
/* End XCConfigurationList section */
	};
	rootObject = 64334EC91ED0BF3D006EF76E /* Project object */;
}
